// !$*UTF8*$!
{
	archiveVersion = 1;
	classes = {
	};
	objectVersion = 46;
	objects = {

/* Begin PBXBuildFile section */
		718CD876201ED9C100E4DF30 /* AppDelegate.swift in Sources */ = {isa = PBXBuildFile; fileRef = 718CD875201ED9C100E4DF30 /* AppDelegate.swift */; };
		718CD878201ED9C100E4DF30 /* ViewController.swift in Sources */ = {isa = PBXBuildFile; fileRef = 718CD877201ED9C100E4DF30 /* ViewController.swift */; };
		718CD87B201ED9C100E4DF30 /* Main.storyboard in Resources */ = {isa = PBXBuildFile; fileRef = 718CD879201ED9C100E4DF30 /* Main.storyboard */; };
		718CD87D201ED9C100E4DF30 /* Assets.xcassets in Resources */ = {isa = PBXBuildFile; fileRef = 718CD87C201ED9C100E4DF30 /* Assets.xcassets */; };
		718CD880201ED9C100E4DF30 /* LaunchScreen.storyboard in Resources */ = {isa = PBXBuildFile; fileRef = 718CD87E201ED9C100E4DF30 /* LaunchScreen.storyboard */; };
		718CD888201EDB5700E4DF30 /* FoodTableViewController.swift in Sources */ = {isa = PBXBuildFile; fileRef = 718CD887201EDB5700E4DF30 /* FoodTableViewController.swift */; };
		718CD88A201EDC1600E4DF30 /* Meal.swift in Sources */ = {isa = PBXBuildFile; fileRef = 718CD889201EDC1600E4DF30 /* Meal.swift */; };
		718CD88C201EDC5600E4DF30 /* Food.swift in Sources */ = {isa = PBXBuildFile; fileRef = 718CD88B201EDC5600E4DF30 /* Food.swift */; };
/* End PBXBuildFile section */

/* Begin PBXFileReference section */
		718CD872201ED9C100E4DF30 /* Meal Tracke.app */ = {isa = PBXFileReference; explicitFileType = wrapper.application; includeInIndex = 0; path = "Meal Tracke.app"; sourceTree = BUILT_PRODUCTS_DIR; };
		718CD875201ED9C100E4DF30 /* AppDelegate.swift */ = {isa = PBXFileReference; lastKnownFileType = sourcecode.swift; path = AppDelegate.swift; sourceTree = "<group>"; };
		718CD877201ED9C100E4DF30 /* ViewController.swift */ = {isa = PBXFileReference; lastKnownFileType = sourcecode.swift; path = ViewController.swift; sourceTree = "<group>"; };
		718CD87A201ED9C100E4DF30 /* Base */ = {isa = PBXFileReference; lastKnownFileType = file.storyboard; name = Base; path = Base.lproj/Main.storyboard; sourceTree = "<group>"; };
		718CD87C201ED9C100E4DF30 /* Assets.xcassets */ = {isa = PBXFileReference; lastKnownFileType = folder.assetcatalog; path = Assets.xcassets; sourceTree = "<group>"; };
		718CD87F201ED9C100E4DF30 /* Base */ = {isa = PBXFileReference; lastKnownFileType = file.storyboard; name = Base; path = Base.lproj/LaunchScreen.storyboard; sourceTree = "<group>"; };
		718CD881201ED9C100E4DF30 /* Info.plist */ = {isa = PBXFileReference; lastKnownFileType = text.plist.xml; path = Info.plist; sourceTree = "<group>"; };
		718CD887201EDB5700E4DF30 /* FoodTableViewController.swift */ = {isa = PBXFileReference; fileEncoding = 4; lastKnownFileType = sourcecode.swift; path = FoodTableViewController.swift; sourceTree = "<group>"; };
		718CD889201EDC1600E4DF30 /* Meal.swift */ = {isa = PBXFileReference; fileEncoding = 4; lastKnownFileType = sourcecode.swift; path = Meal.swift; sourceTree = "<group>"; };
		718CD88B201EDC5600E4DF30 /* Food.swift */ = {isa = PBXFileReference; fileEncoding = 4; lastKnownFileType = sourcecode.swift; path = Food.swift; sourceTree = "<group>"; };
/* End PBXFileReference section */

/* Begin PBXFrameworksBuildPhase section */
		718CD86F201ED9C100E4DF30 /* Frameworks */ = {
			isa = PBXFrameworksBuildPhase;
			buildActionMask = 2147483647;
			files = (
			);
			runOnlyForDeploymentPostprocessing = 0;
		};
/* End PBXFrameworksBuildPhase section */

/* Begin PBXGroup section */
		718CD869201ED9C100E4DF30 = {
			isa = PBXGroup;
			children = (
				718CD874201ED9C100E4DF30 /* Meal Tracke */,
				718CD873201ED9C100E4DF30 /* Products */,
			);
			sourceTree = "<group>";
		};
		718CD873201ED9C100E4DF30 /* Products */ = {
			isa = PBXGroup;
			children = (
				718CD872201ED9C100E4DF30 /* Meal Tracke.app */,
			);
			name = Products;
			sourceTree = "<group>";
		};
		718CD874201ED9C100E4DF30 /* Meal Tracke */ = {
			isa = PBXGroup;
			children = (
				718CD875201ED9C100E4DF30 /* AppDelegate.swift */,
				718CD877201ED9C100E4DF30 /* ViewController.swift */,
				718CD879201ED9C100E4DF30 /* Main.storyboard */,
				718CD889201EDC1600E4DF30 /* Meal.swift */,
				718CD88B201EDC5600E4DF30 /* Food.swift */,
				718CD887201EDB5700E4DF30 /* FoodTableViewController.swift */,
				718CD87C201ED9C100E4DF30 /* Assets.xcassets */,
				718CD87E201ED9C100E4DF30 /* LaunchScreen.storyboard */,
				718CD881201ED9C100E4DF30 /* Info.plist */,
			);
			path = "Meal Tracke";
			sourceTree = "<group>";
		};
/* End PBXGroup section */

/* Begin PBXNativeTarget section */
		718CD871201ED9C100E4DF30 /* Meal Tracke */ = {
			isa = PBXNativeTarget;
			buildConfigurationList = 718CD884201ED9C100E4DF30 /* Build configuration list for PBXNativeTarget "Meal Tracke" */;
			buildPhases = (
				718CD86E201ED9C100E4DF30 /* Sources */,
				718CD86F201ED9C100E4DF30 /* Frameworks */,
				718CD870201ED9C100E4DF30 /* Resources */,
			);
			buildRules = (
			);
			dependencies = (
			);
			name = "Meal Tracke";
			productName = "Meal Tracke";
			productReference = 718CD872201ED9C100E4DF30 /* Meal Tracke.app */;
			productType = "com.apple.product-type.application";
		};
/* End PBXNativeTarget section */

/* Begin PBXProject section */
		718CD86A201ED9C100E4DF30 /* Project object */ = {
			isa = PBXProject;
			attributes = {
				LastSwiftUpdateCheck = 0820;
				LastUpgradeCheck = 0820;
				ORGANIZATIONNAME = martynov;
				TargetAttributes = {
					718CD871201ED9C100E4DF30 = {
						CreatedOnToolsVersion = 8.2.1;
						DevelopmentTeam = 7YPNN524J3;
						ProvisioningStyle = Automatic;
					};
				};
			};
			buildConfigurationList = 718CD86D201ED9C100E4DF30 /* Build configuration list for PBXProject "Meal Tracke" */;
			compatibilityVersion = "Xcode 3.2";
			developmentRegion = English;
			hasScannedForEncodings = 0;
			knownRegions = (
				en,
				Base,
			);
			mainGroup = 718CD869201ED9C100E4DF30;
			productRefGroup = 718CD873201ED9C100E4DF30 /* Products */;
			projectDirPath = "";
			projectRoot = "";
			targets = (
				718CD871201ED9C100E4DF30 /* Meal Tracke */,
			);
		};
/* End PBXProject section */

/* Begin PBXResourcesBuildPhase section */
		718CD870201ED9C100E4DF30 /* Resources */ = {
			isa = PBXResourcesBuildPhase;
			buildActionMask = 2147483647;
			files = (
				718CD880201ED9C100E4DF30 /* LaunchScreen.storyboard in Resources */,
				718CD87D201ED9C100E4DF30 /* Assets.xcassets in Resources */,
				718CD87B201ED9C100E4DF30 /* Main.storyboard in Resources */,
			);
			runOnlyForDeploymentPostprocessing = 0;
		};
/* End PBXResourcesBuildPhase section */

/* Begin PBXSourcesBuildPhase section */
		718CD86E201ED9C100E4DF30 /* Sources */ = {
			isa = PBXSourcesBuildPhase;
			buildActionMask = 2147483647;
			files = (
				718CD88A201EDC1600E4DF30 /* Meal.swift in Sources */,
				718CD878201ED9C100E4DF30 /* ViewController.swift in Sources */,
				718CD88C201EDC5600E4DF30 /* Food.swift in Sources */,
				718CD888201EDB5700E4DF30 /* FoodTableViewController.swift in Sources */,
				718CD876201ED9C100E4DF30 /* AppDelegate.swift in Sources */,
			);
			runOnlyForDeploymentPostprocessing = 0;
		};
/* End PBXSourcesBuildPhase section */

/* Begin PBXVariantGroup section */
		718CD879201ED9C100E4DF30 /* Main.storyboard */ = {
			isa = PBXVariantGroup;
			children = (
				718CD87A201ED9C100E4DF30 /* Base */,
			);
			name = Main.storyboard;
			sourceTree = "<group>";
		};
		718CD87E201ED9C100E4DF30 /* LaunchScreen.storyboard */ = {
			isa = PBXVariantGroup;
			children = (
				718CD87F201ED9C100E4DF30 /* Base */,
			);
			name = LaunchScreen.storyboard;
			sourceTree = "<group>";
		};
/* End PBXVariantGroup section */

/* Begin XCBuildConfiguration section */
		718CD882201ED9C100E4DF30 /* Debug */ = {
			isa = XCBuildConfiguration;
			buildSettings = {
				ALWAYS_SEARCH_USER_PATHS = NO;
				CLANG_ANALYZER_NONNULL = YES;
				CLANG_CXX_LANGUAGE_STANDARD = "gnu++0x";
				CLANG_CXX_LIBRARY = "libc++";
				CLANG_ENABLE_MODULES = YES;
				CLANG_ENABLE_OBJC_ARC = YES;
				CLANG_WARN_BOOL_CONVERSION = YES;
				CLANG_WARN_CONSTANT_CONVERSION = YES;
				CLANG_WARN_DIRECT_OBJC_ISA_USAGE = YES_ERROR;
				CLANG_WARN_DOCUMENTATION_COMMENTS = YES;
				CLANG_WARN_EMPTY_BODY = YES;
				CLANG_WARN_ENUM_CONVERSION = YES;
				CLANG_WARN_INFINITE_RECURSION = YES;
				CLANG_WARN_INT_CONVERSION = YES;
				CLANG_WARN_OBJC_ROOT_CLASS = YES_ERROR;
				CLANG_WARN_SUSPICIOUS_MOVE = YES;
				CLANG_WARN_UNREACHABLE_CODE = YES;
				CLANG_WARN__DUPLICATE_METHOD_MATCH = YES;
				"CODE_SIGN_IDENTITY[sdk=iphoneos*]" = "iPhone Developer";
				COPY_PHASE_STRIP = NO;
				DEBUG_INFORMATION_FORMAT = dwarf;
				ENABLE_STRICT_OBJC_MSGSEND = YES;
				ENABLE_TESTABILITY = YES;
				GCC_C_LANGUAGE_STANDARD = gnu99;
				GCC_DYNAMIC_NO_PIC = NO;
				GCC_NO_COMMON_BLOCKS = YES;
				GCC_OPTIMIZATION_LEVEL = 0;
				GCC_PREPROCESSOR_DEFINITIONS = (
					"DEBUG=1",
					"$(inherited)",
				);
				GCC_WARN_64_TO_32_BIT_CONVERSION = YES;
				GCC_WARN_ABOUT_RETURN_TYPE = YES_ERROR;
				GCC_WARN_UNDECLARED_SELECTOR = YES;
				GCC_WARN_UNINITIALIZED_AUTOS = YES_AGGRESSIVE;
				GCC_WARN_UNUSED_FUNCTION = YES;
				GCC_WARN_UNUSED_VARIABLE = YES;
				IPHONEOS_DEPLOYMENT_TARGET = 10.2;
				MTL_ENABLE_DEBUG_INFO = YES;
				ONLY_ACTIVE_ARCH = YES;
				SDKROOT = iphoneos;
				SWIFT_ACTIVE_COMPILATION_CONDITIONS = DEBUG;
				SWIFT_OPTIMIZATION_LEVEL = "-Onone";
				TARGETED_DEVICE_FAMILY = "1,2";
			};
			name = Debug;
		};
		718CD883201ED9C100E4DF30 /* Release */ = {
			isa = XCBuildConfiguration;
			buildSettings = {
				ALWAYS_SEARCH_USER_PATHS = NO;
				CLANG_ANALYZER_NONNULL = YES;
				CLANG_CXX_LANGUAGE_STANDARD = "gnu++0x";
				CLANG_CXX_LIBRARY = "libc++";
				CLANG_ENABLE_MODULES = YES;
				CLANG_ENABLE_OBJC_ARC = YES;
				CLANG_WARN_BOOL_CONVERSION = YES;
				CLANG_WARN_CONSTANT_CONVERSION = YES;
				CLANG_WARN_DIRECT_OBJC_ISA_USAGE = YES_ERROR;
				CLANG_WARN_DOCUMENTATION_COMMENTS = YES;
				CLANG_WARN_EMPTY_BODY = YES;
				CLANG_WARN_ENUM_CONVERSION = YES;
				CLANG_WARN_INFINITE_RECURSION = YES;
				CLANG_WARN_INT_CONVERSION = YES;
				CLANG_WARN_OBJC_ROOT_CLASS = YES_ERROR;
				CLANG_WARN_SUSPICIOUS_MOVE = YES;
				CLANG_WARN_UNREACHABLE_CODE = YES;
				CLANG_WARN__DUPLICATE_METHOD_MATCH = YES;
				"CODE_SIGN_IDENTITY[sdk=iphoneos*]" = "iPhone Developer";
				COPY_PHASE_STRIP = NO;
				DEBUG_INFORMATION_FORMAT = "dwarf-with-dsym";
				ENABLE_NS_ASSERTIONS = NO;
				ENABLE_STRICT_OBJC_MSGSEND = YES;
				GCC_C_LANGUAGE_STANDARD = gnu99;
				GCC_NO_COMMON_BLOCKS = YES;
				GCC_WARN_64_TO_32_BIT_CONVERSION = YES;
				GCC_WARN_ABOUT_RETURN_TYPE = YES_ERROR;
				GCC_WARN_UNDECLARED_SELECTOR = YES;
				GCC_WARN_UNINITIALIZED_AUTOS = YES_AGGRESSIVE;
				GCC_WARN_UNUSED_FUNCTION = YES;
				GCC_WARN_UNUSED_VARIABLE = YES;
				IPHONEOS_DEPLOYMENT_TARGET = 10.2;
				MTL_ENABLE_DEBUG_INFO = NO;
				SDKROOT = iphoneos;
				SWIFT_OPTIMIZATION_LEVEL = "-Owholemodule";
				TARGETED_DEVICE_FAMILY = "1,2";
				VALIDATE_PRODUCT = YES;
			};
			name = Release;
		};
		718CD885201ED9C100E4DF30 /* Debug */ = {
			isa = XCBuildConfiguration;
			buildSettings = {
				ASSETCATALOG_COMPILER_APPICON_NAME = AppIcon;
				DEVELOPMENT_TEAM = 7YPNN524J3;
				INFOPLIST_FILE = "Meal Tracke/Info.plist";
				LD_RUNPATH_SEARCH_PATHS = "$(inherited) @executable_path/Frameworks";
				PRODUCT_BUNDLE_IDENTIFIER = "com.example.Meal-Tracke";
				PRODUCT_NAME = "$(TARGET_NAME)";
				SWIFT_VERSION = 3.0;
			};
			name = Debug;
		};
		718CD886201ED9C100E4DF30 /* Release */ = {
			isa = XCBuildConfiguration;
			buildSettings = {
				ASSETCATALOG_COMPILER_APPICON_NAME = AppIcon;
				DEVELOPMENT_TEAM = 7YPNN524J3;
				INFOPLIST_FILE = "Meal Tracke/Info.plist";
				LD_RUNPATH_SEARCH_PATHS = "$(inherited) @executable_path/Frameworks";
				PRODUCT_BUNDLE_IDENTIFIER = "com.example.Meal-Tracke";
				PRODUCT_NAME = "$(TARGET_NAME)";
				SWIFT_VERSION = 3.0;
			};
			name = Release;
		};
/* End XCBuildConfiguration section */

/* Begin XCConfigurationList section */
		718CD86D201ED9C100E4DF30 /* Build configuration list for PBXProject "Meal Tracke" */ = {
			isa = XCConfigurationList;
			buildConfigurations = (
				718CD882201ED9C100E4DF30 /* Debug */,
				718CD883201ED9C100E4DF30 /* Release */,
			);
			defaultConfigurationIsVisible = 0;
			defaultConfigurationName = Release;
		};
		718CD884201ED9C100E4DF30 /* Build configuration list for PBXNativeTarget "Meal Tracke" */ = {
			isa = XCConfigurationList;
			buildConfigurations = (
				718CD885201ED9C100E4DF30 /* Debug */,
				718CD886201ED9C100E4DF30 /* Release */,
			);
			defaultConfigurationIsVisible = 0;
		};
/* End XCConfigurationList section */
	};
	rootObject = 718CD86A201ED9C100E4DF30 /* Project object */;
}
